{"is_source_file": false, "format": "", "description": "", "external_files": [], "external_methods": [], "published": [], "classes": [], "methods": [], "calls": [], "search-terms": [], "state": 2, "file_id": 17, "knowledge_revision": 35, "git_revision": "9fd2b00b30f63de48319af1b9fb21fc57a3b0e75", "hash": "9c4ed7ef73e22b872b8055bec08b8979", "format-version": 4, "code-base-name": "default", "filename": "tic_tac_toe/post_process_status.lock", "revision_history": [{"35": "9fd2b00b30f63de48319af1b9fb21fc57a3b0e75"}]}